
Microsoft Visual Studio Solution File, Format Version 12.00
# Visual Studio Version 17
VisualStudioVersion = 17.11.35222.181
MinimumVisualStudioVersion = 10.0.40219.1
Project("{9A19103F-16F7-4668-BE54-9A1E7A4F7556}") = "ProjectManagement", "ProjectManagement\ProjectManagement.csproj", "{4110115F-7D17-400D-A032-E64635B830AB}"
EndProject
Project("{2150E333-8FDC-42A3-9474-1A3956D46DE8}") = "Services", "Services", "{EDCC82B8-BBCB-48FE-B2B1-E908A7C9CA74}"
EndProject
Project("{2150E333-8FDC-42A3-9474-1A3956D46DE8}") = "Auth", "Auth", "{C68B2347-2E19-4ABF-A9C0-90076406B774}"
EndProject
Project("{9A19103F-16F7-4668-BE54-9A1E7A4F7556}") = "Auth.Domain", "Auth.Domain\Auth.Domain.csproj", "{5F55DBB5-4B4E-4EBD-9C8F-74E27E92CC12}"
EndProject
Project("{9A19103F-16F7-4668-BE54-9A1E7A4F7556}") = "Auth.Dtos", "Auth.Dtos\Auth.Dtos.csproj", "{CD46F598-4C72-4649-838B-CFD2291A4633}"
EndProject
Project("{2150E333-8FDC-42A3-9474-1A3956D46DE8}") = "Shared", "Shared", "{0E1A4B8E-AFE0-4C03-9DB4-C3F06542AB40}"
EndProject
Project("{9A19103F-16F7-4668-BE54-9A1E7A4F7556}") = "Constant", "Constant\Constant.csproj", "{39A847FA-6ED1-41AA-8747-25D876AE2E5E}"
EndProject
Project("{9A19103F-16F7-4668-BE54-9A1E7A4F7556}") = "Auth.Infrastructure", "Auth.Infrastructure\Auth.Infrastructure.csproj", "{ABBB63DD-0DC3-475E-9AB4-7A6142F37410}"
EndProject
Project("{9A19103F-16F7-4668-BE54-9A1E7A4F7556}") = "Auth.ApplicationService", "Auth.ApplicationService\Auth.ApplicationService.csproj", "{4DB52A20-8DBB-4671-B7AC-08E61452322D}"
EndProject
Project("{2150E333-8FDC-42A3-9474-1A3956D46DE8}") = "Project", "Project", "{5977EDE8-103F-4074-8886-FDF8A452962B}"
EndProject
Project("{9A19103F-16F7-4668-BE54-9A1E7A4F7556}") = "Project.ApplicationService", "Project.ApplicationService\Project.ApplicationService.csproj", "{54762E45-22E7-44E1-A8F7-845EE5264FEC}"
EndProject
Project("{9A19103F-16F7-4668-BE54-9A1E7A4F7556}") = "Project.Domain", "Project.Domain\Project.Domain.csproj", "{4F83AB47-39DB-4CDF-B993-B4B3F713B890}"
EndProject
Project("{9A19103F-16F7-4668-BE54-9A1E7A4F7556}") = "Project.Dtos", "Project.Dtos\Project.Dtos.csproj", "{7F8DECF8-9575-4F0D-ACA6-2987AC26B120}"
EndProject
Project("{9A19103F-16F7-4668-BE54-9A1E7A4F7556}") = "Project.Infrastructure", "Project.Infrastructure\Project.Infrastructure.csproj", "{B11A6EC7-1D2D-4D82-8B80-EE2F18750E96}"
EndProject
Global
	GlobalSection(SolutionConfigurationPlatforms) = preSolution
		Debug|Any CPU = Debug|Any CPU
		Release|Any CPU = Release|Any CPU
	EndGlobalSection
	GlobalSection(ProjectConfigurationPlatforms) = postSolution
		{4110115F-7D17-400D-A032-E64635B830AB}.Debug|Any CPU.ActiveCfg = Debug|Any CPU
		{4110115F-7D17-400D-A032-E64635B830AB}.Debug|Any CPU.Build.0 = Debug|Any CPU
		{4110115F-7D17-400D-A032-E64635B830AB}.Release|Any CPU.ActiveCfg = Release|Any CPU
		{4110115F-7D17-400D-A032-E64635B830AB}.Release|Any CPU.Build.0 = Release|Any CPU
		{5F55DBB5-4B4E-4EBD-9C8F-74E27E92CC12}.Debug|Any CPU.ActiveCfg = Debug|Any CPU
		{5F55DBB5-4B4E-4EBD-9C8F-74E27E92CC12}.Debug|Any CPU.Build.0 = Debug|Any CPU
		{5F55DBB5-4B4E-4EBD-9C8F-74E27E92CC12}.Release|Any CPU.ActiveCfg = Release|Any CPU
		{5F55DBB5-4B4E-4EBD-9C8F-74E27E92CC12}.Release|Any CPU.Build.0 = Release|Any CPU
		{CD46F598-4C72-4649-838B-CFD2291A4633}.Debug|Any CPU.ActiveCfg = Debug|Any CPU
		{CD46F598-4C72-4649-838B-CFD2291A4633}.Debug|Any CPU.Build.0 = Debug|Any CPU
		{CD46F598-4C72-4649-838B-CFD2291A4633}.Release|Any CPU.ActiveCfg = Release|Any CPU
		{CD46F598-4C72-4649-838B-CFD2291A4633}.Release|Any CPU.Build.0 = Release|Any CPU
		{39A847FA-6ED1-41AA-8747-25D876AE2E5E}.Debug|Any CPU.ActiveCfg = Debug|Any CPU
		{39A847FA-6ED1-41AA-8747-25D876AE2E5E}.Debug|Any CPU.Build.0 = Debug|Any CPU
		{39A847FA-6ED1-41AA-8747-25D876AE2E5E}.Release|Any CPU.ActiveCfg = Release|Any CPU
		{39A847FA-6ED1-41AA-8747-25D876AE2E5E}.Release|Any CPU.Build.0 = Release|Any CPU
		{ABBB63DD-0DC3-475E-9AB4-7A6142F37410}.Debug|Any CPU.ActiveCfg = Debug|Any CPU
		{ABBB63DD-0DC3-475E-9AB4-7A6142F37410}.Debug|Any CPU.Build.0 = Debug|Any CPU
		{ABBB63DD-0DC3-475E-9AB4-7A6142F37410}.Release|Any CPU.ActiveCfg = Release|Any CPU
		{ABBB63DD-0DC3-475E-9AB4-7A6142F37410}.Release|Any CPU.Build.0 = Release|Any CPU
		{4DB52A20-8DBB-4671-B7AC-08E61452322D}.Debug|Any CPU.ActiveCfg = Debug|Any CPU
		{4DB52A20-8DBB-4671-B7AC-08E61452322D}.Debug|Any CPU.Build.0 = Debug|Any CPU
		{4DB52A20-8DBB-4671-B7AC-08E61452322D}.Release|Any CPU.ActiveCfg = Release|Any CPU
		{4DB52A20-8DBB-4671-B7AC-08E61452322D}.Release|Any CPU.Build.0 = Release|Any CPU
		{54762E45-22E7-44E1-A8F7-845EE5264FEC}.Debug|Any CPU.ActiveCfg = Debug|Any CPU
		{54762E45-22E7-44E1-A8F7-845EE5264FEC}.Debug|Any CPU.Build.0 = Debug|Any CPU
		{54762E45-22E7-44E1-A8F7-845EE5264FEC}.Release|Any CPU.ActiveCfg = Release|Any CPU
		{54762E45-22E7-44E1-A8F7-845EE5264FEC}.Release|Any CPU.Build.0 = Release|Any CPU
		{4F83AB47-39DB-4CDF-B993-B4B3F713B890}.Debug|Any CPU.ActiveCfg = Debug|Any CPU
		{4F83AB47-39DB-4CDF-B993-B4B3F713B890}.Debug|Any CPU.Build.0 = Debug|Any CPU
		{4F83AB47-39DB-4CDF-B993-B4B3F713B890}.Release|Any CPU.ActiveCfg = Release|Any CPU
		{4F83AB47-39DB-4CDF-B993-B4B3F713B890}.Release|Any CPU.Build.0 = Release|Any CPU
		{7F8DECF8-9575-4F0D-ACA6-2987AC26B120}.Debug|Any CPU.ActiveCfg = Debug|Any CPU
		{7F8DECF8-9575-4F0D-ACA6-2987AC26B120}.Debug|Any CPU.Build.0 = Debug|Any CPU
		{7F8DECF8-9575-4F0D-ACA6-2987AC26B120}.Release|Any CPU.ActiveCfg = Release|Any CPU
		{7F8DECF8-9575-4F0D-ACA6-2987AC26B120}.Release|Any CPU.Build.0 = Release|Any CPU
		{B11A6EC7-1D2D-4D82-8B80-EE2F18750E96}.Debug|Any CPU.ActiveCfg = Debug|Any CPU
		{B11A6EC7-1D2D-4D82-8B80-EE2F18750E96}.Debug|Any CPU.Build.0 = Debug|Any CPU
		{B11A6EC7-1D2D-4D82-8B80-EE2F18750E96}.Release|Any CPU.ActiveCfg = Release|Any CPU
		{B11A6EC7-1D2D-4D82-8B80-EE2F18750E96}.Release|Any CPU.Build.0 = Release|Any CPU
	EndGlobalSection
	GlobalSection(SolutionProperties) = preSolution
		HideSolutionNode = FALSE
	EndGlobalSection
	GlobalSection(NestedProjects) = preSolution
		{C68B2347-2E19-4ABF-A9C0-90076406B774} = {EDCC82B8-BBCB-48FE-B2B1-E908A7C9CA74}
		{5F55DBB5-4B4E-4EBD-9C8F-74E27E92CC12} = {C68B2347-2E19-4ABF-A9C0-90076406B774}
		{CD46F598-4C72-4649-838B-CFD2291A4633} = {C68B2347-2E19-4ABF-A9C0-90076406B774}
		{0E1A4B8E-AFE0-4C03-9DB4-C3F06542AB40} = {EDCC82B8-BBCB-48FE-B2B1-E908A7C9CA74}
		{39A847FA-6ED1-41AA-8747-25D876AE2E5E} = {0E1A4B8E-AFE0-4C03-9DB4-C3F06542AB40}
		{ABBB63DD-0DC3-475E-9AB4-7A6142F37410} = {C68B2347-2E19-4ABF-A9C0-90076406B774}
		{4DB52A20-8DBB-4671-B7AC-08E61452322D} = {C68B2347-2E19-4ABF-A9C0-90076406B774}
		{5977EDE8-103F-4074-8886-FDF8A452962B} = {EDCC82B8-BBCB-48FE-B2B1-E908A7C9CA74}
		{54762E45-22E7-44E1-A8F7-845EE5264FEC} = {5977EDE8-103F-4074-8886-FDF8A452962B}
		{4F83AB47-39DB-4CDF-B993-B4B3F713B890} = {5977EDE8-103F-4074-8886-FDF8A452962B}
		{7F8DECF8-9575-4F0D-ACA6-2987AC26B120} = {5977EDE8-103F-4074-8886-FDF8A452962B}
		{B11A6EC7-1D2D-4D82-8B80-EE2F18750E96} = {5977EDE8-103F-4074-8886-FDF8A452962B}
	EndGlobalSection
	GlobalSection(ExtensibilityGlobals) = postSolution
		SolutionGuid = {6B009683-5DC1-4F23-9A65-3730377DC7D0}
	EndGlobalSection
EndGlobal
